
Microsoft Visual Studio Solution File, Format Version 12.00
# Visual Studio Version 17
VisualStudioVersion = 17.6.33723.286
MinimumVisualStudioVersion = 10.0.40219.1
Project("{FAE04EC0-301F-11D3-BF4B-00C04F79EFBC}") = "GestorEstoque", "GestorEstoque.csproj", "{280819D6-ADD6-4E6A-B32C-F4A15C952C73}"
EndProject
Global
	GlobalSection(SolutionConfigurationPlatforms) = preSolution
		Debug|Any CPU = Debug|Any CPU
		Release|Any CPU = Release|Any CPU
	EndGlobalSection
	GlobalSection(ProjectConfigurationPlatforms) = postSolution
		{280819D6-ADD6-4E6A-B32C-F4A15C952C73}.Debug|Any CPU.ActiveCfg = Debug|Any CPU
		{280819D6-ADD6-4E6A-B32C-F4A15C952C73}.Debug|Any CPU.Build.0 = Debug|Any CPU
		{280819D6-ADD6-4E6A-B32C-F4A15C952C73}.Release|Any CPU.ActiveCfg = Release|Any CPU
		{280819D6-ADD6-4E6A-B32C-F4A15C952C73}.Release|Any CPU.Build.0 = Release|Any CPU
	EndGlobalSection
	GlobalSection(SolutionProperties) = preSolution
		HideSolutionNode = FALSE
	EndGlobalSection
	GlobalSection(ExtensibilityGlobals) = postSolution
		SolutionGuid = {CD7C48BA-F7A7-47F2-A20E-A918D3276591}
	EndGlobalSection
EndGlobal
